
Microsoft Visual Studio Solution File, Format Version 12.00
Project("{FAE04EC0-301F-11D3-BF4B-00C04F79EFBC}") = "SQLiteDBAccess", "SQLiteDBAccess\SQLiteDBAccess.csproj", "{F281A7A5-D62B-48D8-8BD8-55CDBE0464B1}"
EndProject
Global
	GlobalSection(SolutionConfigurationPlatforms) = preSolution
		Debug|Any CPU = Debug|Any CPU
		Release|Any CPU = Release|Any CPU
	EndGlobalSection
	GlobalSection(ProjectConfigurationPlatforms) = postSolution
		{F281A7A5-D62B-48D8-8BD8-55CDBE0464B1}.Debug|Any CPU.ActiveCfg = Debug|Any CPU
		{F281A7A5-D62B-48D8-8BD8-55CDBE0464B1}.Debug|Any CPU.Build.0 = Debug|Any CPU
		{F281A7A5-D62B-48D8-8BD8-55CDBE0464B1}.Release|Any CPU.ActiveCfg = Release|Any CPU
		{F281A7A5-D62B-48D8-8BD8-55CDBE0464B1}.Release|Any CPU.Build.0 = Release|Any CPU
	EndGlobalSection
EndGlobal
